<Solution>
  <Folder Name="/src/">
    <Project Path="src/WindowsDriverCore.Host/WindowsDriverCore.Host.csproj" />
    <Project Path="src/WindowsDriverCore.Protocol/WindowsDriverCore.Protocol.csproj" />
    <Project Path="src/WindowsDriverCore.Automation/WindowsDriverCore.Automation.csproj" />
    <Project Path="src/WindowsDriverCore.Platform/WindowsDriverCore.Platform.csproj" />
  </Folder>
  <Folder Name="/apps/">
    <Project Path="apps/WindowsDriverCore.TestApp.Wpf/WindowsDriverCore.TestApp.Wpf.csproj" />
  </Folder>
  <Folder Name="/tests/">
    <Project Path="tests/WindowsDriverCore.Tests.Unit/WindowsDriverCore.Tests.Unit.csproj" />
    <Project Path="tests/WindowsDriverCore.Tests.Protocol/WindowsDriverCore.Tests.Protocol.csproj" />
    <Project Path="tests/WindowsDriverCore.Tests.Integration/WindowsDriverCore.Tests.Integration.csproj" />
  </Folder>
  <Folder Name="/bench/">
    <Project Path="bench/WindowsDriverCore.Benchmarks/WindowsDriverCore.Benchmarks.csproj" />
    <Project Path="bench/WindowsDriverCore.Fuzz/WindowsDriverCore.Fuzz.csproj" />
  </Folder>
</Solution>
